// !$*UTF8*$!
{
	archiveVersion = 1;
	classes = {
	};
	objectVersion = 55;
	objects = {

/* Begin PBXBuildFile section */
		284894B6271350E900B977E7 /* SwiftTacToeApp.swift in Sources */ = {isa = PBXBuildFile; fileRef = 284894B5271350E900B977E7 /* SwiftTacToeApp.swift */; };
		284894B8271350E900B977E7 /* ContentView.swift in Sources */ = {isa = PBXBuildFile; fileRef = 284894B7271350E900B977E7 /* ContentView.swift */; };
		284894BA271350EB00B977E7 /* Assets.xcassets in Resources */ = {isa = PBXBuildFile; fileRef = 284894B9271350EB00B977E7 /* Assets.xcassets */; };
		284894BD271350EB00B977E7 /* Preview Assets.xcassets in Resources */ = {isa = PBXBuildFile; fileRef = 284894BC271350EB00B977E7 /* Preview Assets.xcassets */; };
		284894C7271350EB00B977E7 /* SwiftTacToeTests.swift in Sources */ = {isa = PBXBuildFile; fileRef = 284894C6271350EB00B977E7 /* SwiftTacToeTests.swift */; };
		284894D1271350EB00B977E7 /* SwiftTacToeUITests.swift in Sources */ = {isa = PBXBuildFile; fileRef = 284894D0271350EB00B977E7 /* SwiftTacToeUITests.swift */; };
		284894D3271350EB00B977E7 /* SwiftTacToeUITestsLaunchTests.swift in Sources */ = {isa = PBXBuildFile; fileRef = 284894D2271350EB00B977E7 /* SwiftTacToeUITestsLaunchTests.swift */; };
/* End PBXBuildFile section */

/* Begin PBXContainerItemProxy section */
		284894C3271350EB00B977E7 /* PBXContainerItemProxy */ = {
			isa = PBXContainerItemProxy;
			containerPortal = 284894AA271350E900B977E7 /* Project object */;
			proxyType = 1;
			remoteGlobalIDString = 284894B1271350E900B977E7;
			remoteInfo = SwiftTacToe;
		};
		284894CD271350EB00B977E7 /* PBXContainerItemProxy */ = {
			isa = PBXContainerItemProxy;
			containerPortal = 284894AA271350E900B977E7 /* Project object */;
			proxyType = 1;
			remoteGlobalIDString = 284894B1271350E900B977E7;
			remoteInfo = SwiftTacToe;
		};
/* End PBXContainerItemProxy section */

/* Begin PBXFileReference section */
		284894B2271350E900B977E7 /* SwiftTacToe.app */ = {isa = PBXFileReference; explicitFileType = wrapper.application; includeInIndex = 0; path = SwiftTacToe.app; sourceTree = BUILT_PRODUCTS_DIR; };
		284894B5271350E900B977E7 /* SwiftTacToeApp.swift */ = {isa = PBXFileReference; lastKnownFileType = sourcecode.swift; path = SwiftTacToeApp.swift; sourceTree = "<group>"; };
		284894B7271350E900B977E7 /* ContentView.swift */ = {isa = PBXFileReference; lastKnownFileType = sourcecode.swift; path = ContentView.swift; sourceTree = "<group>"; };
		284894B9271350EB00B977E7 /* Assets.xcassets */ = {isa = PBXFileReference; lastKnownFileType = folder.assetcatalog; path = Assets.xcassets; sourceTree = "<group>"; };
		284894BC271350EB00B977E7 /* Preview Assets.xcassets */ = {isa = PBXFileReference; lastKnownFileType = folder.assetcatalog; path = "Preview Assets.xcassets"; sourceTree = "<group>"; };
		284894C2271350EB00B977E7 /* SwiftTacToeTests.xctest */ = {isa = PBXFileReference; explicitFileType = wrapper.cfbundle; includeInIndex = 0; path = SwiftTacToeTests.xctest; sourceTree = BUILT_PRODUCTS_DIR; };
		284894C6271350EB00B977E7 /* SwiftTacToeTests.swift */ = {isa = PBXFileReference; lastKnownFileType = sourcecode.swift; path = SwiftTacToeTests.swift; sourceTree = "<group>"; };
		284894CC271350EB00B977E7 /* SwiftTacToeUITests.xctest */ = {isa = PBXFileReference; explicitFileType = wrapper.cfbundle; includeInIndex = 0; path = SwiftTacToeUITests.xctest; sourceTree = BUILT_PRODUCTS_DIR; };
		284894D0271350EB00B977E7 /* SwiftTacToeUITests.swift */ = {isa = PBXFileReference; lastKnownFileType = sourcecode.swift; path = SwiftTacToeUITests.swift; sourceTree = "<group>"; };
		284894D2271350EB00B977E7 /* SwiftTacToeUITestsLaunchTests.swift */ = {isa = PBXFileReference; lastKnownFileType = sourcecode.swift; path = SwiftTacToeUITestsLaunchTests.swift; sourceTree = "<group>"; };
/* End PBXFileReference section */

/* Begin PBXFrameworksBuildPhase section */
		284894AF271350E900B977E7 /* Frameworks */ = {
			isa = PBXFrameworksBuildPhase;
			buildActionMask = 2147483647;
			files = (
			);
			runOnlyForDeploymentPostprocessing = 0;
		};
		284894BF271350EB00B977E7 /* Frameworks */ = {
			isa = PBXFrameworksBuildPhase;
			buildActionMask = 2147483647;
			files = (
			);
			runOnlyForDeploymentPostprocessing = 0;
		};
		284894C9271350EB00B977E7 /* Frameworks */ = {
			isa = PBXFrameworksBuildPhase;
			buildActionMask = 2147483647;
			files = (
			);
			runOnlyForDeploymentPostprocessing = 0;
		};
/* End PBXFrameworksBuildPhase section */

/* Begin PBXGroup section */
		284894A9271350E900B977E7 = {
			isa = PBXGroup;
			children = (
				284894B4271350E900B977E7 /* SwiftTacToe */,
				284894C5271350EB00B977E7 /* SwiftTacToeTests */,
				284894CF271350EB00B977E7 /* SwiftTacToeUITests */,
				284894B3271350E900B977E7 /* Products */,
			);
			sourceTree = "<group>";
		};
		284894B3271350E900B977E7 /* Products */ = {
			isa = PBXGroup;
			children = (
				284894B2271350E900B977E7 /* SwiftTacToe.app */,
				284894C2271350EB00B977E7 /* SwiftTacToeTests.xctest */,
				284894CC271350EB00B977E7 /* SwiftTacToeUITests.xctest */,
			);
			name = Products;
			sourceTree = "<group>";
		};
		284894B4271350E900B977E7 /* SwiftTacToe */ = {
			isa = PBXGroup;
			children = (
				284894B5271350E900B977E7 /* SwiftTacToeApp.swift */,
				284894B7271350E900B977E7 /* ContentView.swift */,
				284894B9271350EB00B977E7 /* Assets.xcassets */,
				284894BB271350EB00B977E7 /* Preview Content */,
			);
			path = SwiftTacToe;
			sourceTree = "<group>";
		};
		284894BB271350EB00B977E7 /* Preview Content */ = {
			isa = PBXGroup;
			children = (
				284894BC271350EB00B977E7 /* Preview Assets.xcassets */,
			);
			path = "Preview Content";
			sourceTree = "<group>";
		};
		284894C5271350EB00B977E7 /* SwiftTacToeTests */ = {
			isa = PBXGroup;
			children = (
				284894C6271350EB00B977E7 /* SwiftTacToeTests.swift */,
			);
			path = SwiftTacToeTests;
			sourceTree = "<group>";
		};
		284894CF271350EB00B977E7 /* SwiftTacToeUITests */ = {
			isa = PBXGroup;
			children = (
				284894D0271350EB00B977E7 /* SwiftTacToeUITests.swift */,
				284894D2271350EB00B977E7 /* SwiftTacToeUITestsLaunchTests.swift */,
			);
			path = SwiftTacToeUITests;
			sourceTree = "<group>";
		};
/* End PBXGroup section */

/* Begin PBXNativeTarget section */
		284894B1271350E900B977E7 /* SwiftTacToe */ = {
			isa = PBXNativeTarget;
			buildConfigurationList = 284894D6271350EB00B977E7 /* Build configuration list for PBXNativeTarget "SwiftTacToe" */;
			buildPhases = (
				284894AE271350E900B977E7 /* Sources */,
				284894AF271350E900B977E7 /* Frameworks */,
				284894B0271350E900B977E7 /* Resources */,
			);
			buildRules = (
			);
			dependencies = (
			);
			name = SwiftTacToe;
			productName = SwiftTacToe;
			productReference = 284894B2271350E900B977E7 /* SwiftTacToe.app */;
			productType = "com.apple.product-type.application";
		};
		284894C1271350EB00B977E7 /* SwiftTacToeTests */ = {
			isa = PBXNativeTarget;
			buildConfigurationList = 284894D9271350EB00B977E7 /* Build configuration list for PBXNativeTarget "SwiftTacToeTests" */;
			buildPhases = (
				284894BE271350EB00B977E7 /* Sources */,
				284894BF271350EB00B977E7 /* Frameworks */,
				284894C0271350EB00B977E7 /* Resources */,
			);
			buildRules = (
			);
			dependencies = (
				284894C4271350EB00B977E7 /* PBXTargetDependency */,
			);
			name = SwiftTacToeTests;
			productName = SwiftTacToeTests;
			productReference = 284894C2271350EB00B977E7 /* SwiftTacToeTests.xctest */;
			productType = "com.apple.product-type.bundle.unit-test";
		};
		284894CB271350EB00B977E7 /* SwiftTacToeUITests */ = {
			isa = PBXNativeTarget;
			buildConfigurationList = 284894DC271350EB00B977E7 /* Build configuration list for PBXNativeTarget "SwiftTacToeUITests" */;
			buildPhases = (
				284894C8271350EB00B977E7 /* Sources */,
				284894C9271350EB00B977E7 /* Frameworks */,
				284894CA271350EB00B977E7 /* Resources */,
			);
			buildRules = (
			);
			dependencies = (
				284894CE271350EB00B977E7 /* PBXTargetDependency */,
			);
			name = SwiftTacToeUITests;
			productName = SwiftTacToeUITests;
			productReference = 284894CC271350EB00B977E7 /* SwiftTacToeUITests.xctest */;
			productType = "com.apple.product-type.bundle.ui-testing";
		};
/* End PBXNativeTarget section */

/* Begin PBXProject section */
		284894AA271350E900B977E7 /* Project object */ = {
			isa = PBXProject;
			attributes = {
				BuildIndependentTargetsInParallel = 1;
				LastSwiftUpdateCheck = 1300;
				LastUpgradeCheck = 1300;
				TargetAttributes = {
					284894B1271350E900B977E7 = {
						CreatedOnToolsVersion = 13.0;
					};
					284894C1271350EB00B977E7 = {
						CreatedOnToolsVersion = 13.0;
						TestTargetID = 284894B1271350E900B977E7;
					};
					284894CB271350EB00B977E7 = {
						CreatedOnToolsVersion = 13.0;
						TestTargetID = 284894B1271350E900B977E7;
					};
				};
			};
			buildConfigurationList = 284894AD271350E900B977E7 /* Build configuration list for PBXProject "SwiftTacToe" */;
			compatibilityVersion = "Xcode 13.0";
			developmentRegion = en;
			hasScannedForEncodings = 0;
			knownRegions = (
				en,
				Base,
			);
			mainGroup = 284894A9271350E900B977E7;
			productRefGroup = 284894B3271350E900B977E7 /* Products */;
			projectDirPath = "";
			projectRoot = "";
			targets = (
				284894B1271350E900B977E7 /* SwiftTacToe */,
				284894C1271350EB00B977E7 /* SwiftTacToeTests */,
				284894CB271350EB00B977E7 /* SwiftTacToeUITests */,
			);
		};
/* End PBXProject section */

/* Begin PBXResourcesBuildPhase section */
		284894B0271350E900B977E7 /* Resources */ = {
			isa = PBXResourcesBuildPhase;
			buildActionMask = 2147483647;
			files = (
				284894BD271350EB00B977E7 /* Preview Assets.xcassets in Resources */,
				284894BA271350EB00B977E7 /* Assets.xcassets in Resources */,
			);
			runOnlyForDeploymentPostprocessing = 0;
		};
		284894C0271350EB00B977E7 /* Resources */ = {
			isa = PBXResourcesBuildPhase;
			buildActionMask = 2147483647;
			files = (
			);
			runOnlyForDeploymentPostprocessing = 0;
		};
		284894CA271350EB00B977E7 /* Resources */ = {
			isa = PBXResourcesBuildPhase;
			buildActionMask = 2147483647;
			files = (
			);
			runOnlyForDeploymentPostprocessing = 0;
		};
/* End PBXResourcesBuildPhase section */

/* Begin PBXSourcesBuildPhase section */
		284894AE271350E900B977E7 /* Sources */ = {
			isa = PBXSourcesBuildPhase;
			buildActionMask = 2147483647;
			files = (
				284894B8271350E900B977E7 /* ContentView.swift in Sources */,
				284894B6271350E900B977E7 /* SwiftTacToeApp.swift in Sources */,
			);
			runOnlyForDeploymentPostprocessing = 0;
		};
		284894BE271350EB00B977E7 /* Sources */ = {
			isa = PBXSourcesBuildPhase;
			buildActionMask = 2147483647;
			files = (
				284894C7271350EB00B977E7 /* SwiftTacToeTests.swift in Sources */,
			);
			runOnlyForDeploymentPostprocessing = 0;
		};
		284894C8271350EB00B977E7 /* Sources */ = {
			isa = PBXSourcesBuildPhase;
			buildActionMask = 2147483647;
			files = (
				284894D3271350EB00B977E7 /* SwiftTacToeUITestsLaunchTests.swift in Sources */,
				284894D1271350EB00B977E7 /* SwiftTacToeUITests.swift in Sources */,
			);
			runOnlyForDeploymentPostprocessing = 0;
		};
/* End PBXSourcesBuildPhase section */

/* Begin PBXTargetDependency section */
		284894C4271350EB00B977E7 /* PBXTargetDependency */ = {
			isa = PBXTargetDependency;
			target = 284894B1271350E900B977E7 /* SwiftTacToe */;
			targetProxy = 284894C3271350EB00B977E7 /* PBXContainerItemProxy */;
		};
		284894CE271350EB00B977E7 /* PBXTargetDependency */ = {
			isa = PBXTargetDependency;
			target = 284894B1271350E900B977E7 /* SwiftTacToe */;
			targetProxy = 284894CD271350EB00B977E7 /* PBXContainerItemProxy */;
		};
/* End PBXTargetDependency section */

/* Begin XCBuildConfiguration section */
		284894D4271350EB00B977E7 /* Debug */ = {
			isa = XCBuildConfiguration;
			buildSettings = {
				ALWAYS_SEARCH_USER_PATHS = NO;
				CLANG_ANALYZER_NONNULL = YES;
				CLANG_ANALYZER_NUMBER_OBJECT_CONVERSION = YES_AGGRESSIVE;
				CLANG_CXX_LANGUAGE_STANDARD = "gnu++17";
				CLANG_CXX_LIBRARY = "libc++";
				CLANG_ENABLE_MODULES = YES;
				CLANG_ENABLE_OBJC_ARC = YES;
				CLANG_ENABLE_OBJC_WEAK = YES;
				CLANG_WARN_BLOCK_CAPTURE_AUTORELEASING = YES;
				CLANG_WARN_BOOL_CONVERSION = YES;
				CLANG_WARN_COMMA = YES;
				CLANG_WARN_CONSTANT_CONVERSION = YES;
				CLANG_WARN_DEPRECATED_OBJC_IMPLEMENTATIONS = YES;
				CLANG_WARN_DIRECT_OBJC_ISA_USAGE = YES_ERROR;
				CLANG_WARN_DOCUMENTATION_COMMENTS = YES;
				CLANG_WARN_EMPTY_BODY = YES;
				CLANG_WARN_ENUM_CONVERSION = YES;
				CLANG_WARN_INFINITE_RECURSION = YES;
				CLANG_WARN_INT_CONVERSION = YES;
				CLANG_WARN_NON_LITERAL_NULL_CONVERSION = YES;
				CLANG_WARN_OBJC_IMPLICIT_RETAIN_SELF = YES;
				CLANG_WARN_OBJC_LITERAL_CONVERSION = YES;
				CLANG_WARN_OBJC_ROOT_CLASS = YES_ERROR;
				CLANG_WARN_QUOTED_INCLUDE_IN_FRAMEWORK_HEADER = YES;
				CLANG_WARN_RANGE_LOOP_ANALYSIS = YES;
				CLANG_WARN_STRICT_PROTOTYPES = YES;
				CLANG_WARN_SUSPICIOUS_MOVE = YES;
				CLANG_WARN_UNGUARDED_AVAILABILITY = YES_AGGRESSIVE;
				CLANG_WARN_UNREACHABLE_CODE = YES;
				CLANG_WARN__DUPLICATE_METHOD_MATCH = YES;
				COPY_PHASE_STRIP = NO;
				DEBUG_INFORMATION_FORMAT = dwarf;
				ENABLE_STRICT_OBJC_MSGSEND = YES;
				ENABLE_TESTABILITY = YES;
				GCC_C_LANGUAGE_STANDARD = gnu11;
				GCC_DYNAMIC_NO_PIC = NO;
				GCC_NO_COMMON_BLOCKS = YES;
				GCC_OPTIMIZATION_LEVEL = 0;
				GCC_PREPROCESSOR_DEFINITIONS = (
					"DEBUG=1",
					"$(inherited)",
				);
				GCC_WARN_64_TO_32_BIT_CONVERSION = YES;
				GCC_WARN_ABOUT_RETURN_TYPE = YES_ERROR;
				GCC_WARN_UNDECLARED_SELECTOR = YES;
				GCC_WARN_UNINITIALIZED_AUTOS = YES_AGGRESSIVE;
				GCC_WARN_UNUSED_FUNCTION = YES;
				GCC_WARN_UNUSED_VARIABLE = YES;
				IPHONEOS_DEPLOYMENT_TARGET = 15.0;
				MTL_ENABLE_DEBUG_INFO = INCLUDE_SOURCE;
				MTL_FAST_MATH = YES;
				ONLY_ACTIVE_ARCH = YES;
				SDKROOT = iphoneos;
				SWIFT_ACTIVE_COMPILATION_CONDITIONS = DEBUG;
				SWIFT_OPTIMIZATION_LEVEL = "-Onone";
			};
			name = Debug;
		};
		284894D5271350EB00B977E7 /* Release */ = {
			isa = XCBuildConfiguration;
			buildSettings = {
				ALWAYS_SEARCH_USER_PATHS = NO;
				CLANG_ANALYZER_NONNULL = YES;
				CLANG_ANALYZER_NUMBER_OBJECT_CONVERSION = YES_AGGRESSIVE;
				CLANG_CXX_LANGUAGE_STANDARD = "gnu++17";
				CLANG_CXX_LIBRARY = "libc++";
				CLANG_ENABLE_MODULES = YES;
				CLANG_ENABLE_OBJC_ARC = YES;
				CLANG_ENABLE_OBJC_WEAK = YES;
				CLANG_WARN_BLOCK_CAPTURE_AUTORELEASING = YES;
				CLANG_WARN_BOOL_CONVERSION = YES;
				CLANG_WARN_COMMA = YES;
				CLANG_WARN_CONSTANT_CONVERSION = YES;
				CLANG_WARN_DEPRECATED_OBJC_IMPLEMENTATIONS = YES;
				CLANG_WARN_DIRECT_OBJC_ISA_USAGE = YES_ERROR;
				CLANG_WARN_DOCUMENTATION_COMMENTS = YES;
				CLANG_WARN_EMPTY_BODY = YES;
				CLANG_WARN_ENUM_CONVERSION = YES;
				CLANG_WARN_INFINITE_RECURSION = YES;
				CLANG_WARN_INT_CONVERSION = YES;
				CLANG_WARN_NON_LITERAL_NULL_CONVERSION = YES;
				CLANG_WARN_OBJC_IMPLICIT_RETAIN_SELF = YES;
				CLANG_WARN_OBJC_LITERAL_CONVERSION = YES;
				CLANG_WARN_OBJC_ROOT_CLASS = YES_ERROR;
				CLANG_WARN_QUOTED_INCLUDE_IN_FRAMEWORK_HEADER = YES;
				CLANG_WARN_RANGE_LOOP_ANALYSIS = YES;
				CLANG_WARN_STRICT_PROTOTYPES = YES;
				CLANG_WARN_SUSPICIOUS_MOVE = YES;
				CLANG_WARN_UNGUARDED_AVAILABILITY = YES_AGGRESSIVE;
				CLANG_WARN_UNREACHABLE_CODE = YES;
				CLANG_WARN__DUPLICATE_METHOD_MATCH = YES;
				COPY_PHASE_STRIP = NO;
				DEBUG_INFORMATION_FORMAT = "dwarf-with-dsym";
				ENABLE_NS_ASSERTIONS = NO;
				ENABLE_STRICT_OBJC_MSGSEND = YES;
				GCC_C_LANGUAGE_STANDARD = gnu11;
				GCC_NO_COMMON_BLOCKS = YES;
				GCC_WARN_64_TO_32_BIT_CONVERSION = YES;
				GCC_WARN_ABOUT_RETURN_TYPE = YES_ERROR;
				GCC_WARN_UNDECLARED_SELECTOR = YES;
				GCC_WARN_UNINITIALIZED_AUTOS = YES_AGGRESSIVE;
				GCC_WARN_UNUSED_FUNCTION = YES;
				GCC_WARN_UNUSED_VARIABLE = YES;
				IPHONEOS_DEPLOYMENT_TARGET = 15.0;
				MTL_ENABLE_DEBUG_INFO = NO;
				MTL_FAST_MATH = YES;
				SDKROOT = iphoneos;
				SWIFT_COMPILATION_MODE = wholemodule;
				SWIFT_OPTIMIZATION_LEVEL = "-O";
				VALIDATE_PRODUCT = YES;
			};
			name = Release;
		};
		284894D7271350EB00B977E7 /* Debug */ = {
			isa = XCBuildConfiguration;
			buildSettings = {
				ASSETCATALOG_COMPILER_APPICON_NAME = AppIcon;
				ASSETCATALOG_COMPILER_GLOBAL_ACCENT_COLOR_NAME = AccentColor;
				CODE_SIGN_STYLE = Automatic;
				CURRENT_PROJECT_VERSION = 1;
				DEVELOPMENT_ASSET_PATHS = "\"SwiftTacToe/Preview Content\"";
				DEVELOPMENT_TEAM = AZ59WCD7SF;
				ENABLE_PREVIEWS = YES;
				GENERATE_INFOPLIST_FILE = YES;
				INFOPLIST_KEY_UIApplicationSceneManifest_Generation = YES;
				INFOPLIST_KEY_UIApplicationSupportsIndirectInputEvents = YES;
				INFOPLIST_KEY_UILaunchScreen_Generation = YES;
				INFOPLIST_KEY_UISupportedInterfaceOrientations_iPad = "UIInterfaceOrientationPortrait UIInterfaceOrientationPortraitUpsideDown UIInterfaceOrientationLandscapeLeft UIInterfaceOrientationLandscapeRight";
				INFOPLIST_KEY_UISupportedInterfaceOrientations_iPhone = "UIInterfaceOrientationPortrait UIInterfaceOrientationLandscapeLeft UIInterfaceOrientationLandscapeRight";
				IPHONEOS_DEPLOYMENT_TARGET = 14.0;
				LD_RUNPATH_SEARCH_PATHS = (
					"$(inherited)",
					"@executable_path/Frameworks",
				);
				MARKETING_VERSION = 1.0;
				PRODUCT_BUNDLE_IDENTIFIER = com.shauncodes.SwiftTacToe;
				PRODUCT_NAME = "$(TARGET_NAME)";
				SWIFT_EMIT_LOC_STRINGS = YES;
				SWIFT_VERSION = 5.0;
				TARGETED_DEVICE_FAMILY = "1,2";
			};
			name = Debug;
		};
		284894D8271350EB00B977E7 /* Release */ = {
			isa = XCBuildConfiguration;
			buildSettings = {
				ASSETCATALOG_COMPILER_APPICON_NAME = AppIcon;
				ASSETCATALOG_COMPILER_GLOBAL_ACCENT_COLOR_NAME = AccentColor;
				CODE_SIGN_STYLE = Automatic;
				CURRENT_PROJECT_VERSION = 1;
				DEVELOPMENT_ASSET_PATHS = "\"SwiftTacToe/Preview Content\"";
				DEVELOPMENT_TEAM = AZ59WCD7SF;
				ENABLE_PREVIEWS = YES;
				GENERATE_INFOPLIST_FILE = YES;
				INFOPLIST_KEY_UIApplicationSceneManifest_Generation = YES;
				INFOPLIST_KEY_UIApplicationSupportsIndirectInputEvents = YES;
				INFOPLIST_KEY_UILaunchScreen_Generation = YES;
				INFOPLIST_KEY_UISupportedInterfaceOrientations_iPad = "UIInterfaceOrientationPortrait UIInterfaceOrientationPortraitUpsideDown UIInterfaceOrientationLandscapeLeft UIInterfaceOrientationLandscapeRight";
				INFOPLIST_KEY_UISupportedInterfaceOrientations_iPhone = "UIInterfaceOrientationPortrait UIInterfaceOrientationLandscapeLeft UIInterfaceOrientationLandscapeRight";
				IPHONEOS_DEPLOYMENT_TARGET = 14.0;
				LD_RUNPATH_SEARCH_PATHS = (
					"$(inherited)",
					"@executable_path/Frameworks",
				);
				MARKETING_VERSION = 1.0;
				PRODUCT_BUNDLE_IDENTIFIER = com.shauncodes.SwiftTacToe;
				PRODUCT_NAME = "$(TARGET_NAME)";
				SWIFT_EMIT_LOC_STRINGS = YES;
				SWIFT_VERSION = 5.0;
				TARGETED_DEVICE_FAMILY = "1,2";
			};
			name = Release;
		};
		284894DA271350EB00B977E7 /* Debug */ = {
			isa = XCBuildConfiguration;
			buildSettings = {
				ALWAYS_EMBED_SWIFT_STANDARD_LIBRARIES = YES;
				BUNDLE_LOADER = "$(TEST_HOST)";
				CODE_SIGN_STYLE = Automatic;
				CURRENT_PROJECT_VERSION = 1;
				DEVELOPMENT_TEAM = AZ59WCD7SF;
				GENERATE_INFOPLIST_FILE = YES;
				IPHONEOS_DEPLOYMENT_TARGET = 14.0;
				LD_RUNPATH_SEARCH_PATHS = (
					"$(inherited)",
					"@executable_path/Frameworks",
					"@loader_path/Frameworks",
				);
				MARKETING_VERSION = 1.0;
				PRODUCT_BUNDLE_IDENTIFIER = com.shauncodes.SwiftTacToeTests;
				PRODUCT_NAME = "$(TARGET_NAME)";
				SWIFT_EMIT_LOC_STRINGS = NO;
				SWIFT_VERSION = 5.0;
				TARGETED_DEVICE_FAMILY = "1,2";
				TEST_HOST = "$(BUILT_PRODUCTS_DIR)/SwiftTacToe.app/SwiftTacToe";
			};
			name = Debug;
		};
		284894DB271350EB00B977E7 /* Release */ = {
			isa = XCBuildConfiguration;
			buildSettings = {
				ALWAYS_EMBED_SWIFT_STANDARD_LIBRARIES = YES;
				BUNDLE_LOADER = "$(TEST_HOST)";
				CODE_SIGN_STYLE = Automatic;
				CURRENT_PROJECT_VERSION = 1;
				DEVELOPMENT_TEAM = AZ59WCD7SF;
				GENERATE_INFOPLIST_FILE = YES;
				IPHONEOS_DEPLOYMENT_TARGET = 14.0;
				LD_RUNPATH_SEARCH_PATHS = (
					"$(inherited)",
					"@executable_path/Frameworks",
					"@loader_path/Frameworks",
				);
				MARKETING_VERSION = 1.0;
				PRODUCT_BUNDLE_IDENTIFIER = com.shauncodes.SwiftTacToeTests;
				PRODUCT_NAME = "$(TARGET_NAME)";
				SWIFT_EMIT_LOC_STRINGS = NO;
				SWIFT_VERSION = 5.0;
				TARGETED_DEVICE_FAMILY = "1,2";
				TEST_HOST = "$(BUILT_PRODUCTS_DIR)/SwiftTacToe.app/SwiftTacToe";
			};
			name = Release;
		};
		284894DD271350EB00B977E7 /* Debug */ = {
			isa = XCBuildConfiguration;
			buildSettings = {
				ALWAYS_EMBED_SWIFT_STANDARD_LIBRARIES = YES;
				CODE_SIGN_STYLE = Automatic;
				CURRENT_PROJECT_VERSION = 1;
				DEVELOPMENT_TEAM = AZ59WCD7SF;
				GENERATE_INFOPLIST_FILE = YES;
				LD_RUNPATH_SEARCH_PATHS = (
					"$(inherited)",
					"@executable_path/Frameworks",
					"@loader_path/Frameworks",
				);
				MARKETING_VERSION = 1.0;
				PRODUCT_BUNDLE_IDENTIFIER = com.shauncodes.SwiftTacToeUITests;
				PRODUCT_NAME = "$(TARGET_NAME)";
				SWIFT_EMIT_LOC_STRINGS = NO;
				SWIFT_VERSION = 5.0;
				TARGETED_DEVICE_FAMILY = "1,2";
				TEST_TARGET_NAME = SwiftTacToe;
			};
			name = Debug;
		};
		284894DE271350EB00B977E7 /* Release */ = {
			isa = XCBuildConfiguration;
			buildSettings = {
				ALWAYS_EMBED_SWIFT_STANDARD_LIBRARIES = YES;
				CODE_SIGN_STYLE = Automatic;
				CURRENT_PROJECT_VERSION = 1;
				DEVELOPMENT_TEAM = AZ59WCD7SF;
				GENERATE_INFOPLIST_FILE = YES;
				LD_RUNPATH_SEARCH_PATHS = (
					"$(inherited)",
					"@executable_path/Frameworks",
					"@loader_path/Frameworks",
				);
				MARKETING_VERSION = 1.0;
				PRODUCT_BUNDLE_IDENTIFIER = com.shauncodes.SwiftTacToeUITests;
				PRODUCT_NAME = "$(TARGET_NAME)";
				SWIFT_EMIT_LOC_STRINGS = NO;
				SWIFT_VERSION = 5.0;
				TARGETED_DEVICE_FAMILY = "1,2";
				TEST_TARGET_NAME = SwiftTacToe;
			};
			name = Release;
		};
/* End XCBuildConfiguration section */

/* Begin XCConfigurationList section */
		284894AD271350E900B977E7 /* Build configuration list for PBXProject "SwiftTacToe" */ = {
			isa = XCConfigurationList;
			buildConfigurations = (
				284894D4271350EB00B977E7 /* Debug */,
				284894D5271350EB00B977E7 /* Release */,
			);
			defaultConfigurationIsVisible = 0;
			defaultConfigurationName = Release;
		};
		284894D6271350EB00B977E7 /* Build configuration list for PBXNativeTarget "SwiftTacToe" */ = {
			isa = XCConfigurationList;
			buildConfigurations = (
				284894D7271350EB00B977E7 /* Debug */,
				284894D8271350EB00B977E7 /* Release */,
			);
			defaultConfigurationIsVisible = 0;
			defaultConfigurationName = Release;
		};
		284894D9271350EB00B977E7 /* Build configuration list for PBXNativeTarget "SwiftTacToeTests" */ = {
			isa = XCConfigurationList;
			buildConfigurations = (
				284894DA271350EB00B977E7 /* Debug */,
				284894DB271350EB00B977E7 /* Release */,
			);
			defaultConfigurationIsVisible = 0;
			defaultConfigurationName = Release;
		};
		284894DC271350EB00B977E7 /* Build configuration list for PBXNativeTarget "SwiftTacToeUITests" */ = {
			isa = XCConfigurationList;
			buildConfigurations = (
				284894DD271350EB00B977E7 /* Debug */,
				284894DE271350EB00B977E7 /* Release */,
			);
			defaultConfigurationIsVisible = 0;
			defaultConfigurationName = Release;
		};
/* End XCConfigurationList section */
	};
	rootObject = 284894AA271350E900B977E7 /* Project object */;
}
